{
  "name": "ai-digest",
  "version": "0.1.0",
  "lockfileVersion": 3,
  "requires": true,
  "packages": {
    "": {
      "name": "ai-digest",
      "version": "0.1.0",
      "devDependencies": {
        "create-agent-room": "2.6.0"
      }
    },
    "node_modules/create-agent-room": {
      "version": "2.6.0",
      "resolved": "https://registry.npmjs.org/create-agent-room/-/create-agent-room-2.6.0.tgz",
      "integrity": "sha512-xQFpF6nEfTIjs9kFf9gWkKWsyABbfHiKDAZakeuIk2uI3+QctKXizFrhEPDXNKYkRHkGe3UucBatrf808iXJ3g==",
      "dev": true,
      "license": "MIT",
      "bin": {
        "create-agent-room": "bin/cli.js"
      },
      "engines": {
        "node": ">=18"
      }
    }
  }
}
